version = 1
revision = 3
requires-python = ">=3.14"

[[package]]
name = "bottle"
version = "0.13.4"
source = { registry = "https://pypi.org/simple" }
sdist = { url = "https://files.pythonhosted.org/packages/7a/71/cca6167c06d00c81375fd668719df245864076d284f7cb46a694cbeb5454/bottle-0.13.4.tar.gz", hash = "sha256:787e78327e12b227938de02248333d788cfe45987edca735f8f88e03472c3f47", size = 98717, upload-time = "2025-06-15T10:08:59.439Z" }
wheels = [
    { url = "https://files.pythonhosted.org/packages/83/f6/b55ec74cfe68c6584163faa311503c20b0da4c09883a41e8e00d6726c954/bottle-0.13.4-py2.py3-none-any.whl", hash = "sha256:045684fbd2764eac9cdeb824861d1551d113e8b683d8d26e296898d3dd99a12e", size = 103807, upload-time = "2025-06-15T10:08:57.691Z" },
]

[[package]]
name = "iiif-validator"
version = "1.0.5"
source = { registry = "https://pypi.org/simple" }
dependencies = [
    { name = "bottle" },
    { name = "lxml" },
    { name = "pillow" },
    { name = "python-magic" },
]
sdist = { url = "https://files.pythonhosted.org/packages/e0/d9/35d1f09584338addd56cab7540370f55d2a76aa21482ff3e32e64be60da1/iiif-validator-1.0.5.tar.gz", hash = "sha256:c8a5faee9561166827868ed1212525fc98995d2ef993def601854f3b1ab1c8c3", size = 21748, upload-time = "2019-08-21T13:34:51.062Z" }

[[package]]
name = "lxml"
version = "6.1.0"
source = { registry = "https://pypi.org/simple" }
sdist = { url = "https://files.pythonhosted.org/packages/28/30/9abc9e34c657c33834eaf6cd02124c61bdf5944d802aa48e69be8da3585d/lxml-6.1.0.tar.gz", hash = "sha256:bfd57d8008c4965709a919c3e9a98f76c2c7cb319086b3d26858250620023b13", size = 4197006, upload-time = "2026-04-18T04:32:51.613Z" }
wheels = [
    { url = "https://files.pythonhosted.org/packages/eb/45/cee4cf203ef0bab5c52afc118da61d6b460c928f2893d40023cfa27e0b80/lxml-6.1.0-cp314-cp314-macosx_10_15_universal2.whl", hash = "sha256:ab863fd37458fed6456525f297d21239d987800c46e67da5ef04fc6b3dd93ac8", size = 8576713, upload-time = "2026-04-18T04:32:06.831Z" },
    { url = "https://files.pythonhosted.org/packages/8a/a7/eda05babeb7e046839204eaf254cd4d7c9130ce2bbf0d9e90ea41af5654d/lxml-6.1.0-cp314-cp314-macosx_10_15_x86_64.whl", hash = "sha256:6fd8b1df8254ff4fd93fd31da1fc15770bde23ac045be9bb1f87425702f61cc9", size = 4623874, upload-time = "2026-04-18T04:32:10.755Z" },
    { url = "https://files.pythonhosted.org/packages/e7/e9/db5846de9b436b91890a62f29d80cd849ea17948a49bf532d5278ee69a9e/lxml-6.1.0-cp314-cp314-manylinux2014_aarch64.manylinux_2_17_aarch64.whl", hash = "sha256:47024feaae386a92a146af0d2aeed65229bf6fff738e6a11dda6b0015fb8fd03", size = 4949535, upload-time = "2026-04-18T04:34:06.657Z" },
    { url = "https://files.pythonhosted.org/packages/5a/ba/0d3593373dcae1d68f40dc3c41a5a92f2544e68115eb2f62319a4c2a6500/lxml-6.1.0-cp314-cp314-manylinux2014_x86_64.manylinux_2_17_x86_64.whl", hash = "sha256:3f00972f84450204cd5d93a5395965e348956aaceaadec693a22ec743f8ae3eb", size = 5086881, upload-time = "2026-04-18T04:34:09.556Z" },
    { url = "https://files.pythonhosted.org/packages/43/76/759a7484539ad1af0d125a9afe9c3fb5f82a8779fd1f5f56319d9e4ea2fd/lxml-6.1.0-cp314-cp314-manylinux_2_26_aarch64.manylinux_2_28_aarch64.whl", hash = "sha256:97faa0860e13b05b15a51fb4986421ef7a30f0b3334061c416e0981e9450ca4c", size = 5031305, upload-time = "2026-04-18T04:34:12.336Z" },
    { url = "https://files.pythonhosted.org/packages/dc/b9/c1f0daf981a11e47636126901fd4ab82429e18c57aeb0fc3ad2940b42d8b/lxml-6.1.0-cp314-cp314-manylinux_2_26_ppc64le.manylinux_2_28_ppc64le.whl", hash = "sha256:972a6451204798675407beaad97b868d0c733d9a74dafefc63120b81b8c2de28", size = 5647522, upload-time = "2026-04-18T04:34:14.89Z" },
    { url = "https://files.pythonhosted.org/packages/31/e6/1f533dcd205275363d9ba3511bcec52fa2df86abf8abe6a5f2c599f0dc31/lxml-6.1.0-cp314-cp314-manylinux_2_26_x86_64.manylinux_2_28_x86_64.whl", hash = "sha256:fe022f20bc4569ec66b63b3fb275a3d628d9d32da6326b2982584104db6d3086", size = 5239310, upload-time = "2026-04-18T04:34:17.652Z" },
    { url = "https://files.pythonhosted.org/packages/c3/8c/4175fb709c78a6e315ed814ed33be3defd8b8721067e70419a6cf6f971da/lxml-6.1.0-cp314-cp314-manylinux_2_28_i686.whl", hash = "sha256:75c4c7c619a744f972f4451bf5adf6d0fb00992a1ffc9fd78e13b0bc817cc99f", size = 5350799, upload-time = "2026-04-18T04:34:20.529Z" },
    { url = "https://files.pythonhosted.org/packages/fd/77/6ffdebc5994975f0dde4acb59761902bd9d9bb84422b9a0bd239a7da9ca8/lxml-6.1.0-cp314-cp314-manylinux_2_31_armv7l.whl", hash = "sha256:3648f20d25102a22b6061c688beb3a805099ea4beb0a01ce62975d926944d292", size = 4697693, upload-time = "2026-04-18T04:34:23.541Z" },
    { url = "https://files.pythonhosted.org/packages/f8/f1/565f36bd5c73294602d48e04d23f81ff4c8736be6ba5e1d1ec670ac9be80/lxml-6.1.0-cp314-cp314-manylinux_2_38_riscv64.manylinux_2_39_riscv64.whl", hash = "sha256:77b9f99b17cbf14026d1e618035077060fc7195dd940d025149f3e2e830fbfcb", size = 5250708, upload-time = "2026-04-18T04:34:26.001Z" },
    { url = "https://files.pythonhosted.org/packages/5a/11/a68ab9dd18c5c499404deb4005f4bc4e0e88e5b72cd755ad96efec81d18d/lxml-6.1.0-cp314-cp314-musllinux_1_2_aarch64.whl", hash = "sha256:32662519149fd7a9db354175aa5e417d83485a8039b8aaa62f873ceee7ea4cad", size = 5084737, upload-time = "2026-04-18T04:34:28.32Z" },
    { url = "https://files.pythonhosted.org/packages/ab/78/e8f41e2c74f4af564e6a0348aea69fb6daaefa64bc071ef469823d22cc18/lxml-6.1.0-cp314-cp314-musllinux_1_2_armv7l.whl", hash = "sha256:73d658216fc173cf2c939e90e07b941c5e12736b0bf6a99e7af95459cfe8eabb", size = 4737817, upload-time = "2026-04-18T04:34:30.784Z" },
    { url = "https://files.pythonhosted.org/packages/06/2d/aa4e117aa2ce2f3b35d9ff246be74a2f8e853baba5d2a92c64744474603a/lxml-6.1.0-cp314-cp314-musllinux_1_2_ppc64le.whl", hash = "sha256:ac4db068889f8772a4a698c5980ec302771bb545e10c4b095d4c8be26749616f", size = 5670753, upload-time = "2026-04-18T04:34:33.675Z" },
    { url = "https://files.pythonhosted.org/packages/08/f5/dd745d50c0409031dbfcc4881740542a01e54d6f0110bd420fa7782110b8/lxml-6.1.0-cp314-cp314-musllinux_1_2_riscv64.whl", hash = "sha256:45e9dfbd1b661eb64ba0d4dbe762bd210c42d86dd1e5bd2bdf89d634231beb43", size = 5238071, upload-time = "2026-04-18T04:34:36.12Z" },
    { url = "https://files.pythonhosted.org/packages/3e/74/ad424f36d0340a904665867dab310a3f1f4c96ff4039698de83b77f44c1f/lxml-6.1.0-cp314-cp314-musllinux_1_2_x86_64.whl", hash = "sha256:89e8d73d09ac696a5ba42ec69787913d53284f12092f651506779314f10ba585", size = 5264319, upload-time = "2026-04-18T04:34:39.035Z" },
    { url = "https://files.pythonhosted.org/packages/53/36/a15d8b3514ec889bfd6aa3609107fcb6c9189f8dc347f1c0b81eded8d87c/lxml-6.1.0-cp314-cp314-win32.whl", hash = "sha256:ebe33f4ec1b2de38ceb225a1749a2965855bffeef435ba93cd2d5d540783bf2f", size = 3657139, upload-time = "2026-04-18T04:32:20.006Z" },
    { url = "https://files.pythonhosted.org/packages/1a/a4/263ebb0710851a3c6c937180a9a86df1206fdfe53cc43005aa2237fd7736/lxml-6.1.0-cp314-cp314-win_amd64.whl", hash = "sha256:398443df51c538bd578529aa7e5f7afc6c292644174b47961f3bf87fe5741120", size = 4064195, upload-time = "2026-04-18T04:32:23.876Z" },
    { url = "https://files.pythonhosted.org/packages/80/68/2000f29d323b6c286de077ad20b429fc52272e44eae6d295467043e56012/lxml-6.1.0-cp314-cp314-win_arm64.whl", hash = "sha256:8c8984e1d8c4b3949e419158fda14d921ff703a9ed8a47236c6eb7a2b6cb4946", size = 3741870, upload-time = "2026-04-18T04:32:27.922Z" },
    { url = "https://files.pythonhosted.org/packages/30/e9/21383c7c8d43799f0da90224c0d7c921870d476ec9b3e01e1b2c0b8237c5/lxml-6.1.0-cp314-cp314t-macosx_10_15_universal2.whl", hash = "sha256:1081dd10bc6fa437db2500e13993abf7cc30716d0a2f40e65abb935f02ec559c", size = 8827548, upload-time = "2026-04-18T04:32:15.094Z" },
    { url = "https://files.pythonhosted.org/packages/a5/01/c6bc11cd587030dd4f719f65c5657960649fe3e19196c844c75bf32cd0d6/lxml-6.1.0-cp314-cp314t-macosx_10_15_x86_64.whl", hash = "sha256:dabecc48db5f42ba348d1f5d5afdc54c6c4cc758e676926c7cd327045749517d", size = 4735866, upload-time = "2026-04-18T04:32:18.924Z" },
    { url = "https://files.pythonhosted.org/packages/f3/01/757132fff5f4acf25463b5298f1a46099f3a94480b806547b29ce5e385de/lxml-6.1.0-cp314-cp314t-manylinux2014_aarch64.manylinux_2_17_aarch64.whl", hash = "sha256:e3dd5fe19c9e0ac818a9c7f132a5e43c1339ec1cbbfecb1a938bd3a47875b7c9", size = 4969476, upload-time = "2026-04-18T04:34:41.889Z" },
    { url = "https://files.pythonhosted.org/packages/fd/fb/1bc8b9d27ed64be7c8903db6c89e74dc8c2cd9ec630a7462e4654316dc5b/lxml-6.1.0-cp314-cp314t-manylinux2014_x86_64.manylinux_2_17_x86_64.whl", hash = "sha256:9e7b0a4ca6dcc007a4cef00a761bba2dea959de4bd2df98f926b33c92ca5dfb9", size = 5103719, upload-time = "2026-04-18T04:34:44.797Z" },
    { url = "https://files.pythonhosted.org/packages/d5/e7/5bf82fa28133536a54601aae633b14988e89ed61d4c1eb6b899b023233aa/lxml-6.1.0-cp314-cp314t-manylinux_2_26_aarch64.manylinux_2_28_aarch64.whl", hash = "sha256:5d27bbe326c6b539c64b42638b18bc6003a8d88f76213a97ac9ed4f885efeab7", size = 5027890, upload-time = "2026-04-18T04:34:47.634Z" },
    { url = "https://files.pythonhosted.org/packages/2d/20/e048db5d4b4ea0366648aa595f26bb764b2670903fc585b87436d0a5032c/lxml-6.1.0-cp314-cp314t-manylinux_2_26_ppc64le.manylinux_2_28_ppc64le.whl", hash = "sha256:c4e425db0c5445ef0ad56b0eec54f89b88b2d884656e536a90b2f52aecb4ca86", size = 5596008, upload-time = "2026-04-18T04:34:51.503Z" },
    { url = "https://files.pythonhosted.org/packages/9a/c2/d10807bc8da4824b39e5bd01b5d05c077b6fd01bd91584167edf6b269d22/lxml-6.1.0-cp314-cp314t-manylinux_2_26_x86_64.manylinux_2_28_x86_64.whl", hash = "sha256:4b89b098105b8599dc57adac95d1813409ac476d3c948a498775d3d0c6124bfb", size = 5224451, upload-time = "2026-04-18T04:34:54.263Z" },
    { url = "https://files.pythonhosted.org/packages/3c/15/2ebea45bea427e7f0057e9ce7b2d62c5aba20c6b001cca89ed0aadb3ad41/lxml-6.1.0-cp314-cp314t-manylinux_2_28_i686.whl", hash = "sha256:c4a699432846df86cc3de502ee85f445ebad748a1c6021d445f3e514d2cd4b1c", size = 5312135, upload-time = "2026-04-18T04:34:56.818Z" },
    { url = "https://files.pythonhosted.org/packages/31/e2/87eeae151b0be2a308d49a7ec444ff3eb192b14251e62addb29d0bf3778f/lxml-6.1.0-cp314-cp314t-manylinux_2_31_armv7l.whl", hash = "sha256:30e7b2ed63b6c8e97cca8af048589a788ab5c9c905f36d9cf1c2bb549f450d2f", size = 4639126, upload-time = "2026-04-18T04:34:59.704Z" },
    { url = "https://files.pythonhosted.org/packages/a3/51/8a3f6a20902ad604dd746ec7b4000311b240d389dac5e9d95adefd349e0c/lxml-6.1.0-cp314-cp314t-manylinux_2_38_riscv64.manylinux_2_39_riscv64.whl", hash = "sha256:022981127642fe19866d2907d76241bb07ed21749601f727d5d5dd1ce5d1b773", size = 5232579, upload-time = "2026-04-18T04:35:02.658Z" },
    { url = "https://files.pythonhosted.org/packages/6d/d2/650d619bdbe048d2c3f2c31edb00e35670a5e2d65b4fe3b61bce37b19121/lxml-6.1.0-cp314-cp314t-musllinux_1_2_aarch64.whl", hash = "sha256:23cad0cc86046d4222f7f418910e46b89971c5a45d3c8abfad0f64b7b05e4a9b", size = 5084206, upload-time = "2026-04-18T04:35:05.175Z" },
    { url = "https://files.pythonhosted.org/packages/dd/8a/672ca1a3cbeabd1f511ca275a916c0514b747f4b85bdaae103b8fa92f307/lxml-6.1.0-cp314-cp314t-musllinux_1_2_armv7l.whl", hash = "sha256:21c3302068f50d1e8728c67c87ba92aa87043abee517aa2576cca1855326b405", size = 4758906, upload-time = "2026-04-18T04:35:08.098Z" },
    { url = "https://files.pythonhosted.org/packages/be/f1/ef4b691da85c916cb2feb1eec7414f678162798ac85e042fa164419ac05c/lxml-6.1.0-cp314-cp314t-musllinux_1_2_ppc64le.whl", hash = "sha256:be10838781cb3be19251e276910cd508fe127e27c3242e50521521a0f3781690", size = 5620553, upload-time = "2026-04-18T04:35:11.23Z" },
    { url = "https://files.pythonhosted.org/packages/59/17/94e81def74107809755ac2782fdad4404420f1c92ca83433d117a6d5acf0/lxml-6.1.0-cp314-cp314t-musllinux_1_2_riscv64.whl", hash = "sha256:2173a7bffe97667bbf0767f8a99e587740a8c56fdf3befac4b09cb29a80276fd", size = 5229458, upload-time = "2026-04-18T04:35:14.254Z" },
    { url = "https://files.pythonhosted.org/packages/21/55/c4be91b0f830a871fc1b0d730943d56013b683d4671d5198260e2eae722b/lxml-6.1.0-cp314-cp314t-musllinux_1_2_x86_64.whl", hash = "sha256:c6854e9cf99c84beb004eecd7d3a3868ef1109bf2b1df92d7bc11e96a36c2180", size = 5247861, upload-time = "2026-04-18T04:35:17.006Z" },
    { url = "https://files.pythonhosted.org/packages/c2/ca/77123e4d77df3cb1e968ade7b1f808f5d3a5c1c96b18a33895397de292c1/lxml-6.1.0-cp314-cp314t-win32.whl", hash = "sha256:00750d63ef0031a05331b9223463b1c7c02b9004cef2346a5b2877f0f9494dd2", size = 3897377, upload-time = "2026-04-18T04:32:07.656Z" },
    { url = "https://files.pythonhosted.org/packages/64/ce/3554833989d074267c063209bae8b09815e5656456a2d332b947806b05ff/lxml-6.1.0-cp314-cp314t-win_amd64.whl", hash = "sha256:80410c3a7e3c617af04de17caa9f9f20adaa817093293d69eae7d7d0522836f5", size = 4392701, upload-time = "2026-04-18T04:32:12.113Z" },
    { url = "https://files.pythonhosted.org/packages/2b/a0/9b916c68c0e57752c07f8f64b30138d9d4059dbeb27b90274dedbea128ff/lxml-6.1.0-cp314-cp314t-win_arm64.whl", hash = "sha256:26dd9f57ee3bd41e7d35b4c98a2ffd89ed11591649f421f0ec19f67d50ec67ac", size = 3817120, upload-time = "2026-04-18T04:32:15.803Z" },
]

[[package]]
name = "pillow"
version = "12.0.0"
source = { registry = "https://pypi.org/simple" }
sdist = { url = "https://files.pythonhosted.org/packages/5a/b0/cace85a1b0c9775a9f8f5d5423c8261c858760e2466c79b2dd184638b056/pillow-12.0.0.tar.gz", hash = "sha256:87d4f8125c9988bfbed67af47dd7a953e2fc7b0cc1e7800ec6d2080d490bb353", size = 47008828, upload-time = "2025-10-15T18:24:14.008Z" }
wheels = [
    { url = "https://files.pythonhosted.org/packages/54/2a/9a8c6ba2c2c07b71bec92cf63e03370ca5e5f5c5b119b742bcc0cde3f9c5/pillow-12.0.0-cp314-cp314-ios_13_0_arm64_iphoneos.whl", hash = "sha256:beeae3f27f62308f1ddbcfb0690bf44b10732f2ef43758f169d5e9303165d3f9", size = 4045531, upload-time = "2025-10-15T18:23:10.121Z" },
    { url = "https://files.pythonhosted.org/packages/84/54/836fdbf1bfb3d66a59f0189ff0b9f5f666cee09c6188309300df04ad71fa/pillow-12.0.0-cp314-cp314-ios_13_0_arm64_iphonesimulator.whl", hash = "sha256:d4827615da15cd59784ce39d3388275ec093ae3ee8d7f0c089b76fa87af756c2", size = 4120554, upload-time = "2025-10-15T18:23:12.14Z" },
    { url = "https://files.pythonhosted.org/packages/0d/cd/16aec9f0da4793e98e6b54778a5fbce4f375c6646fe662e80600b8797379/pillow-12.0.0-cp314-cp314-ios_13_0_x86_64_iphonesimulator.whl", hash = "sha256:3e42edad50b6909089750e65c91aa09aaf1e0a71310d383f11321b27c224ed8a", size = 3576812, upload-time = "2025-10-15T18:23:13.962Z" },
    { url = "https://files.pythonhosted.org/packages/f6/b7/13957fda356dc46339298b351cae0d327704986337c3c69bb54628c88155/pillow-12.0.0-cp314-cp314-macosx_10_15_x86_64.whl", hash = "sha256:e5d8efac84c9afcb40914ab49ba063d94f5dbdf5066db4482c66a992f47a3a3b", size = 5252689, upload-time = "2025-10-15T18:23:15.562Z" },
    { url = "https://files.pythonhosted.org/packages/fc/f5/eae31a306341d8f331f43edb2e9122c7661b975433de5e447939ae61c5da/pillow-12.0.0-cp314-cp314-macosx_11_0_arm64.whl", hash = "sha256:266cd5f2b63ff316d5a1bba46268e603c9caf5606d44f38c2873c380950576ad", size = 4650186, upload-time = "2025-10-15T18:23:17.379Z" },
    { url = "https://files.pythonhosted.org/packages/86/62/2a88339aa40c4c77e79108facbd307d6091e2c0eb5b8d3cf4977cfca2fe6/pillow-12.0.0-cp314-cp314-manylinux2014_aarch64.manylinux_2_17_aarch64.whl", hash = "sha256:58eea5ebe51504057dd95c5b77d21700b77615ab0243d8152793dc00eb4faf01", size = 6230308, upload-time = "2025-10-15T18:23:18.971Z" },
    { url = "https://files.pythonhosted.org/packages/c7/33/5425a8992bcb32d1cb9fa3dd39a89e613d09a22f2c8083b7bf43c455f760/pillow-12.0.0-cp314-cp314-manylinux2014_x86_64.manylinux_2_17_x86_64.whl", hash = "sha256:f13711b1a5ba512d647a0e4ba79280d3a9a045aaf7e0cc6fbe96b91d4cdf6b0c", size = 8039222, upload-time = "2025-10-15T18:23:20.909Z" },
    { url = "https://files.pythonhosted.org/packages/d8/61/3f5d3b35c5728f37953d3eec5b5f3e77111949523bd2dd7f31a851e50690/pillow-12.0.0-cp314-cp314-manylinux_2_27_aarch64.manylinux_2_28_aarch64.whl", hash = "sha256:6846bd2d116ff42cba6b646edf5bf61d37e5cbd256425fa089fee4ff5c07a99e", size = 6346657, upload-time = "2025-10-15T18:23:23.077Z" },
    { url = "https://files.pythonhosted.org/packages/3a/be/ee90a3d79271227e0f0a33c453531efd6ed14b2e708596ba5dd9be948da3/pillow-12.0.0-cp314-cp314-manylinux_2_27_x86_64.manylinux_2_28_x86_64.whl", hash = "sha256:c98fa880d695de164b4135a52fd2e9cd7b7c90a9d8ac5e9e443a24a95ef9248e", size = 7038482, upload-time = "2025-10-15T18:23:25.005Z" },
    { url = "https://files.pythonhosted.org/packages/44/34/a16b6a4d1ad727de390e9bd9f19f5f669e079e5826ec0f329010ddea492f/pillow-12.0.0-cp314-cp314-musllinux_1_2_aarch64.whl", hash = "sha256:fa3ed2a29a9e9d2d488b4da81dcb54720ac3104a20bf0bd273f1e4648aff5af9", size = 6461416, upload-time = "2025-10-15T18:23:27.009Z" },
    { url = "https://files.pythonhosted.org/packages/b6/39/1aa5850d2ade7d7ba9f54e4e4c17077244ff7a2d9e25998c38a29749eb3f/pillow-12.0.0-cp314-cp314-musllinux_1_2_x86_64.whl", hash = "sha256:d034140032870024e6b9892c692fe2968493790dd57208b2c37e3fb35f6df3ab", size = 7131584, upload-time = "2025-10-15T18:23:29.752Z" },
    { url = "https://files.pythonhosted.org/packages/bf/db/4fae862f8fad0167073a7733973bfa955f47e2cac3dc3e3e6257d10fab4a/pillow-12.0.0-cp314-cp314-win32.whl", hash = "sha256:1b1b133e6e16105f524a8dec491e0586d072948ce15c9b914e41cdadd209052b", size = 6400621, upload-time = "2025-10-15T18:23:32.06Z" },
    { url = "https://files.pythonhosted.org/packages/2b/24/b350c31543fb0107ab2599464d7e28e6f856027aadda995022e695313d94/pillow-12.0.0-cp314-cp314-win_amd64.whl", hash = "sha256:8dc232e39d409036af549c86f24aed8273a40ffa459981146829a324e0848b4b", size = 7142916, upload-time = "2025-10-15T18:23:34.71Z" },
    { url = "https://files.pythonhosted.org/packages/0f/9b/0ba5a6fd9351793996ef7487c4fdbde8d3f5f75dbedc093bb598648fddf0/pillow-12.0.0-cp314-cp314-win_arm64.whl", hash = "sha256:d52610d51e265a51518692045e372a4c363056130d922a7351429ac9f27e70b0", size = 2523836, upload-time = "2025-10-15T18:23:36.967Z" },
    { url = "https://files.pythonhosted.org/packages/f5/7a/ceee0840aebc579af529b523d530840338ecf63992395842e54edc805987/pillow-12.0.0-cp314-cp314t-macosx_10_15_x86_64.whl", hash = "sha256:1979f4566bb96c1e50a62d9831e2ea2d1211761e5662afc545fa766f996632f6", size = 5255092, upload-time = "2025-10-15T18:23:38.573Z" },
    { url = "https://files.pythonhosted.org/packages/44/76/20776057b4bfd1aef4eeca992ebde0f53a4dce874f3ae693d0ec90a4f79b/pillow-12.0.0-cp314-cp314t-macosx_11_0_arm64.whl", hash = "sha256:b2e4b27a6e15b04832fe9bf292b94b5ca156016bbc1ea9c2c20098a0320d6cf6", size = 4653158, upload-time = "2025-10-15T18:23:40.238Z" },
    { url = "https://files.pythonhosted.org/packages/82/3f/d9ff92ace07be8836b4e7e87e6a4c7a8318d47c2f1463ffcf121fc57d9cb/pillow-12.0.0-cp314-cp314t-manylinux2014_aarch64.manylinux_2_17_aarch64.whl", hash = "sha256:fb3096c30df99fd01c7bf8e544f392103d0795b9f98ba71a8054bcbf56b255f1", size = 6267882, upload-time = "2025-10-15T18:23:42.434Z" },
    { url = "https://files.pythonhosted.org/packages/9f/7a/4f7ff87f00d3ad33ba21af78bfcd2f032107710baf8280e3722ceec28cda/pillow-12.0.0-cp314-cp314t-manylinux2014_x86_64.manylinux_2_17_x86_64.whl", hash = "sha256:7438839e9e053ef79f7112c881cef684013855016f928b168b81ed5835f3e75e", size = 8071001, upload-time = "2025-10-15T18:23:44.29Z" },
    { url = "https://files.pythonhosted.org/packages/75/87/fcea108944a52dad8cca0715ae6247e271eb80459364a98518f1e4f480c1/pillow-12.0.0-cp314-cp314t-manylinux_2_27_aarch64.manylinux_2_28_aarch64.whl", hash = "sha256:5d5c411a8eaa2299322b647cd932586b1427367fd3184ffbb8f7a219ea2041ca", size = 6380146, upload-time = "2025-10-15T18:23:46.065Z" },
    { url = "https://files.pythonhosted.org/packages/91/52/0d31b5e571ef5fd111d2978b84603fce26aba1b6092f28e941cb46570745/pillow-12.0.0-cp314-cp314t-manylinux_2_27_x86_64.manylinux_2_28_x86_64.whl", hash = "sha256:d7e091d464ac59d2c7ad8e7e08105eaf9dafbc3883fd7265ffccc2baad6ac925", size = 7067344, upload-time = "2025-10-15T18:23:47.898Z" },
    { url = "https://files.pythonhosted.org/packages/7b/f4/2dd3d721f875f928d48e83bb30a434dee75a2531bca839bb996bb0aa5a91/pillow-12.0.0-cp314-cp314t-musllinux_1_2_aarch64.whl", hash = "sha256:792a2c0be4dcc18af9d4a2dfd8a11a17d5e25274a1062b0ec1c2d79c76f3e7f8", size = 6491864, upload-time = "2025-10-15T18:23:49.607Z" },
    { url = "https://files.pythonhosted.org/packages/30/4b/667dfcf3d61fc309ba5a15b141845cece5915e39b99c1ceab0f34bf1d124/pillow-12.0.0-cp314-cp314t-musllinux_1_2_x86_64.whl", hash = "sha256:afbefa430092f71a9593a99ab6a4e7538bc9eabbf7bf94f91510d3503943edc4", size = 7158911, upload-time = "2025-10-15T18:23:51.351Z" },
    { url = "https://files.pythonhosted.org/packages/a2/2f/16cabcc6426c32218ace36bf0d55955e813f2958afddbf1d391849fee9d1/pillow-12.0.0-cp314-cp314t-win32.whl", hash = "sha256:3830c769decf88f1289680a59d4f4c46c72573446352e2befec9a8512104fa52", size = 6408045, upload-time = "2025-10-15T18:23:53.177Z" },
    { url = "https://files.pythonhosted.org/packages/35/73/e29aa0c9c666cf787628d3f0dcf379f4791fba79f4936d02f8b37165bdf8/pillow-12.0.0-cp314-cp314t-win_amd64.whl", hash = "sha256:905b0365b210c73afb0ebe9101a32572152dfd1c144c7e28968a331b9217b94a", size = 7148282, upload-time = "2025-10-15T18:23:55.316Z" },
    { url = "https://files.pythonhosted.org/packages/c1/70/6b41bdcddf541b437bbb9f47f94d2db5d9ddef6c37ccab8c9107743748a4/pillow-12.0.0-cp314-cp314t-win_arm64.whl", hash = "sha256:99353a06902c2e43b43e8ff74ee65a7d90307d82370604746738a1e0661ccca7", size = 2525630, upload-time = "2025-10-15T18:23:57.149Z" },
]

[[package]]
name = "python-magic"
version = "0.4.27"
source = { registry = "https://pypi.org/simple" }
sdist = { url = "https://files.pythonhosted.org/packages/da/db/0b3e28ac047452d079d375ec6798bf76a036a08182dbb39ed38116a49130/python-magic-0.4.27.tar.gz", hash = "sha256:c1ba14b08e4a5f5c31a302b7721239695b2f0f058d125bd5ce1ee36b9d9d3c3b", size = 14677, upload-time = "2022-06-07T20:16:59.508Z" }
wheels = [
    { url = "https://files.pythonhosted.org/packages/6c/73/9f872cb81fc5c3bb48f7227872c28975f998f3e7c2b1c16e95e6432bbb90/python_magic-0.4.27-py2.py3-none-any.whl", hash = "sha256:c212960ad306f700aa0d01e5d7a325d20548ff97eb9920dcd29513174f0294d3", size = 13840, upload-time = "2022-06-07T20:16:57.763Z" },
]

[[package]]
name = "validator"
version = "0.1.0"
source = { virtual = "." }
dependencies = [
    { name = "iiif-validator" },
]

[package.metadata]
requires-dist = [{ name = "iiif-validator", specifier = ">=1.0.5" }]
