version = 1
revision = 3
requires-python = ">=3.14"

[[package]]
name = "bottle"
version = "0.13.4"
source = { registry = "https://pypi.org/simple" }
sdist = { url = "https://files.pythonhosted.org/packages/7a/71/cca6167c06d00c81375fd668719df245864076d284f7cb46a694cbeb5454/bottle-0.13.4.tar.gz", hash = "sha256:787e78327e12b227938de02248333d788cfe45987edca735f8f88e03472c3f47", size = 98717, upload-time = "2025-06-15T10:08:59.439Z" }
wheels = [
    { url = "https://files.pythonhosted.org/packages/83/f6/b55ec74cfe68c6584163faa311503c20b0da4c09883a41e8e00d6726c954/bottle-0.13.4-py2.py3-none-any.whl", hash = "sha256:045684fbd2764eac9cdeb824861d1551d113e8b683d8d26e296898d3dd99a12e", size = 103807, upload-time = "2025-06-15T10:08:57.691Z" },
]

[[package]]
name = "iiif-validator"
version = "1.0.5"
source = { registry = "https://pypi.org/simple" }
dependencies = [
    { name = "bottle" },
    { name = "lxml" },
    { name = "pillow" },
    { name = "python-magic" },
]
sdist = { url = "https://files.pythonhosted.org/packages/e0/d9/35d1f09584338addd56cab7540370f55d2a76aa21482ff3e32e64be60da1/iiif-validator-1.0.5.tar.gz", hash = "sha256:c8a5faee9561166827868ed1212525fc98995d2ef993def601854f3b1ab1c8c3", size = 21748, upload-time = "2019-08-21T13:34:51.062Z" }

[[package]]
name = "lxml"
version = "6.1.0"
source = { registry = "https://pypi.org/simple" }
sdist = { url = "https://files.pythonhosted.org/packages/28/30/9abc9e34c657c33834eaf6cd02124c61bdf5944d802aa48e69be8da3585d/lxml-6.1.0.tar.gz", hash = "sha256:bfd57d8008c4965709a919c3e9a98f76c2c7cb319086b3d26858250620023b13", size = 4197006, upload-time = "2026-04-18T04:32:51.613Z" }
wheels = [
    { url = "https://files.pythonhosted.org/packages/eb/45/cee4cf203ef0bab5c52afc118da61d6b460c928f2893d40023cfa27e0b80/lxml-6.1.0-cp314-cp314-macosx_10_15_universal2.whl", hash = "sha256:ab863fd37458fed6456525f297d21239d987800c46e67da5ef04fc6b3dd93ac8", size = 8576713, upload-time = "2026-04-18T04:32:06.831Z" },
    { url = "https://files.pythonhosted.org/packages/8a/a7/eda05babeb7e046839204eaf254cd4d7c9130ce2bbf0d9e90ea41af5654d/lxml-6.1.0-cp314-cp314-macosx_10_15_x86_64.whl", hash = "sha256:6fd8b1df8254ff4fd93fd31da1fc15770bde23ac045be9bb1f87425702f61cc9", size = 4623874, upload-time = "2026-04-18T04:32:10.755Z" },
    { url = "https://files.pythonhosted.org/packages/e7/e9/db5846de9b436b91890a62f29d80cd849ea17948a49bf532d5278ee69a9e/lxml-6.1.0-cp314-cp314-manylinux2014_aarch64.manylinux_2_17_aarch64.whl", hash = "sha256:47024feaae386a92a146af0d2aeed65229bf6fff738e6a11dda6b0015fb8fd03", size = 4949535, upload-time = "2026-04-18T04:34:06.657Z" },
    { url = "https://files.pythonhosted.org/packages/5a/ba/0d3593373dcae1d68f40dc3c41a5a92f2544e68115eb2f62319a4c2a6500/lxml-6.1.0-cp314-cp314-manylinux2014_x86_64.manylinux_2_17_x86_64.whl", hash = "sha256:3f00972f84450204cd5d93a5395965e348956aaceaadec693a22ec743f8ae3eb", size = 5086881, upload-time = "2026-04-18T04:34:09.556Z" },
    { url = "https://files.pythonhosted.org/packages/43/76/759a7484539ad1af0d125a9afe9c3fb5f82a8779fd1f5f56319d9e4ea2fd/lxml-6.1.0-cp314-cp314-manylinux_2_26_aarch64.manylinux_2_28_aarch64.whl", hash = "sha256:97faa0860e13b05b15a51fb4986421ef7a30f0b3334061c416e0981e9450ca4c", size = 5031305, upload-time = "2026-04-18T04:34:12.336Z" },
    { url = "https://files.pythonhosted.org/packages/dc/b9/c1f0daf981a11e47636126901fd4ab82429e18c57aeb0fc3ad2940b42d8b/lxml-6.1.0-cp314-cp314-manylinux_2_26_ppc64le.manylinux_2_28_ppc64le.whl", hash = "sha256:972a6451204798675407beaad97b868d0c733d9a74dafefc63120b81b8c2de28", size = 5647522, upload-time = "2026-04-18T04:34:14.89Z" },
    { url = "https://files.pythonhosted.org/packages/31/e6/1f533dcd205275363d9ba3511bcec52fa2df86abf8abe6a5f2c599f0dc31/lxml-6.1.0-cp314-cp314-manylinux_2_26_x86_64.manylinux_2_28_x86_64.whl", hash = "sha256:fe022f20bc4569ec66b63b3fb275a3d628d9d32da6326b2982584104db6d3086", size = 5239310, upload-time = "2026-04-18T04:34:17.652Z" },
    { url = "https://files.pythonhosted.org/packages/c3/8c/4175fb709c78a6e315ed814ed33be3defd8b8721067e70419a6cf6f971da/lxml-6.1.0-cp314-cp314-manylinux_2_28_i686.whl", hash = "sha256:75c4c7c619a744f972f4451bf5adf6d0fb00992a1ffc9fd78e13b0bc817cc99f", size = 5350799, upload-time = "2026-04-18T04:34:20.529Z" },
    { url = "https://files.pythonhosted.org/packages/fd/77/6ffdebc5994975f0dde4acb59761902bd9d9bb84422b9a0bd239a7da9ca8/lxml-6.1.0-cp314-cp314-manylinux_2_31_armv7l.whl", hash = "sha256:3648f20d25102a22b6061c688beb3a805099ea4beb0a01ce62975d926944d292", size = 4697693, upload-time = "2026-04-18T04:34:23.541Z" },
    { url = "https://files.pythonhosted.org/packages/f8/f1/565f36bd5c73294602d48e04d23f81ff4c8736be6ba5e1d1ec670ac9be80/lxml-6.1.0-cp314-cp314-manylinux_2_38_riscv64.manylinux_2_39_riscv64.whl", hash = "sha256:77b9f99b17cbf14026d1e618035077060fc7195dd940d025149f3e2e830fbfcb", size = 5250708, upload-time = "2026-04-18T04:34:26.001Z" },
    { url = "https://files.pythonhosted.org/packages/5a/11/a68ab9dd18c5c499404deb4005f4bc4e0e88e5b72cd755ad96efec81d18d/lxml-6.1.0-cp314-cp314-musllinux_1_2_aarch64.whl", hash = "sha256:32662519149fd7a9db354175aa5e417d83485a8039b8aaa62f873ceee7ea4cad", size = 5084737, upload-time = "2026-04-18T04:34:28.32Z" },
    { url = "https://files.pythonhosted.org/packages/ab/78/e8f41e2c74f4af564e6a0348aea69fb6daaefa64bc071ef469823d22cc18/lxml-6.1.0-cp314-cp314-musllinux_1_2_armv7l.whl", hash = "sha256:73d658216fc173cf2c939e90e07b941c5e12736b0bf6a99e7af95459cfe8eabb", size = 4737817, upload-time = "2026-04-18T04:34:30.784Z" },
    { url = "https://files.pythonhosted.org/packages/06/2d/aa4e117aa2ce2f3b35d9ff246be74a2f8e853baba5d2a92c64744474603a/lxml-6.1.0-cp314-cp314-musllinux_1_2_ppc64le.whl", hash = "sha256:ac4db068889f8772a4a698c5980ec302771bb545e10c4b095d4c8be26749616f", size = 5670753, upload-time = "2026-04-18T04:34:33.675Z" },
    { url = "https://files.pythonhosted.org/packages/08/f5/dd745d50c0409031dbfcc4881740542a01e54d6f0110bd420fa7782110b8/lxml-6.1.0-cp314-cp314-musllinux_1_2_riscv64.whl", hash = "sha256:45e9dfbd1b661eb64ba0d4dbe762bd210c42d86dd1e5bd2bdf89d634231beb43", size = 5238071, upload-time = "2026-04-18T04:34:36.12Z" },
    { url = "https://files.pythonhosted.org/packages/3e/74/ad424f36d0340a904665867dab310a3f1f4c96ff4039698de83b77f44c1f/lxml-6.1.0-cp314-cp314-musllinux_1_2_x86_64.whl", hash = "sha256:89e8d73d09ac696a5ba42ec69787913d53284f12092f651506779314f10ba585", size = 5264319, upload-time = "2026-04-18T04:34:39.035Z" },
    { url = "https://files.pythonhosted.org/packages/53/36/a15d8b3514ec889bfd6aa3609107fcb6c9189f8dc347f1c0b81eded8d87c/lxml-6.1.0-cp314-cp314-win32.whl", hash = "sha256:ebe33f4ec1b2de38ceb225a1749a2965855bffeef435ba93cd2d5d540783bf2f", size = 3657139, upload-time = "2026-04-18T04:32:20.006Z" },
    { url = "https://files.pythonhosted.org/packages/1a/a4/263ebb0710851a3c6c937180a9a86df1206fdfe53cc43005aa2237fd7736/lxml-6.1.0-cp314-cp314-win_amd64.whl", hash = "sha256:398443df51c538bd578529aa7e5f7afc6c292644174b47961f3bf87fe5741120", size = 4064195, upload-time = "2026-04-18T04:32:23.876Z" },
    { url = "https://files.pythonhosted.org/packages/80/68/2000f29d323b6c286de077ad20b429fc52272e44eae6d295467043e56012/lxml-6.1.0-cp314-cp314-win_arm64.whl", hash = "sha256:8c8984e1d8c4b3949e419158fda14d921ff703a9ed8a47236c6eb7a2b6cb4946", size = 3741870, upload-time = "2026-04-18T04:32:27.922Z" },
    { url = "https://files.pythonhosted.org/packages/30/e9/21383c7c8d43799f0da90224c0d7c921870d476ec9b3e01e1b2c0b8237c5/lxml-6.1.0-cp314-cp314t-macosx_10_15_universal2.whl", hash = "sha256:1081dd10bc6fa437db2500e13993abf7cc30716d0a2f40e65abb935f02ec559c", size = 8827548, upload-time = "2026-04-18T04:32:15.094Z" },
    { url = "https://files.pythonhosted.org/packages/a5/01/c6bc11cd587030dd4f719f65c5657960649fe3e19196c844c75bf32cd0d6/lxml-6.1.0-cp314-cp314t-macosx_10_15_x86_64.whl", hash = "sha256:dabecc48db5f42ba348d1f5d5afdc54c6c4cc758e676926c7cd327045749517d", size = 4735866, upload-time = "2026-04-18T04:32:18.924Z" },
    { url = "https://files.pythonhosted.org/packages/f3/01/757132fff5f4acf25463b5298f1a46099f3a94480b806547b29ce5e385de/lxml-6.1.0-cp314-cp314t-manylinux2014_aarch64.manylinux_2_17_aarch64.whl", hash = "sha256:e3dd5fe19c9e0ac818a9c7f132a5e43c1339ec1cbbfecb1a938bd3a47875b7c9", size = 4969476, upload-time = "2026-04-18T04:34:41.889Z" },
    { url = "https://files.pythonhosted.org/packages/fd/fb/1bc8b9d27ed64be7c8903db6c89e74dc8c2cd9ec630a7462e4654316dc5b/lxml-6.1.0-cp314-cp314t-manylinux2014_x86_64.manylinux_2_17_x86_64.whl", hash = "sha256:9e7b0a4ca6dcc007a4cef00a761bba2dea959de4bd2df98f926b33c92ca5dfb9", size = 5103719, upload-time = "2026-04-18T04:34:44.797Z" },
    { url = "https://files.pythonhosted.org/packages/d5/e7/5bf82fa28133536a54601aae633b14988e89ed61d4c1eb6b899b023233aa/lxml-6.1.0-cp314-cp314t-manylinux_2_26_aarch64.manylinux_2_28_aarch64.whl", hash = "sha256:5d27bbe326c6b539c64b42638b18bc6003a8d88f76213a97ac9ed4f885efeab7", size = 5027890, upload-time = "2026-04-18T04:34:47.634Z" },
    { url = "https://files.pythonhosted.org/packages/2d/20/e048db5d4b4ea0366648aa595f26bb764b2670903fc585b87436d0a5032c/lxml-6.1.0-cp314-cp314t-manylinux_2_26_ppc64le.manylinux_2_28_ppc64le.whl", hash = "sha256:c4e425db0c5445ef0ad56b0eec54f89b88b2d884656e536a90b2f52aecb4ca86", size = 5596008, upload-time = "2026-04-18T04:34:51.503Z" },
    { url = "https://files.pythonhosted.org/packages/9a/c2/d10807bc8da4824b39e5bd01b5d05c077b6fd01bd91584167edf6b269d22/lxml-6.1.0-cp314-cp314t-manylinux_2_26_x86_64.manylinux_2_28_x86_64.whl", hash = "sha256:4b89b098105b8599dc57adac95d1813409ac476d3c948a498775d3d0c6124bfb", size = 5224451, upload-time = "2026-04-18T04:34:54.263Z" },
    { url = "https://files.pythonhosted.org/packages/3c/15/2ebea45bea427e7f0057e9ce7b2d62c5aba20c6b001cca89ed0aadb3ad41/lxml-6.1.0-cp314-cp314t-manylinux_2_28_i686.whl", hash = "sha256:c4a699432846df86cc3de502ee85f445ebad748a1c6021d445f3e514d2cd4b1c", size = 5312135, upload-time = "2026-04-18T04:34:56.818Z" },
    { url = "https://files.pythonhosted.org/packages/31/e2/87eeae151b0be2a308d49a7ec444ff3eb192b14251e62addb29d0bf3778f/lxml-6.1.0-cp314-cp314t-manylinux_2_31_armv7l.whl", hash = "sha256:30e7b2ed63b6c8e97cca8af048589a788ab5c9c905f36d9cf1c2bb549f450d2f", size = 4639126, upload-time = "2026-04-18T04:34:59.704Z" },
    { url = "https://files.pythonhosted.org/packages/a3/51/8a3f6a20902ad604dd746ec7b4000311b240d389dac5e9d95adefd349e0c/lxml-6.1.0-cp314-cp314t-manylinux_2_38_riscv64.manylinux_2_39_riscv64.whl", hash = "sha256:022981127642fe19866d2907d76241bb07ed21749601f727d5d5dd1ce5d1b773", size = 5232579, upload-time = "2026-04-18T04:35:02.658Z" },
    { url = "https://files.pythonhosted.org/packages/6d/d2/650d619bdbe048d2c3f2c31edb00e35670a5e2d65b4fe3b61bce37b19121/lxml-6.1.0-cp314-cp314t-musllinux_1_2_aarch64.whl", hash = "sha256:23cad0cc86046d4222f7f418910e46b89971c5a45d3c8abfad0f64b7b05e4a9b", size = 5084206, upload-time = "2026-04-18T04:35:05.175Z" },
    { url = "https://files.pythonhosted.org/packages/dd/8a/672ca1a3cbeabd1f511ca275a916c0514b747f4b85bdaae103b8fa92f307/lxml-6.1.0-cp314-cp314t-musllinux_1_2_armv7l.whl", hash = "sha256:21c3302068f50d1e8728c67c87ba92aa87043abee517aa2576cca1855326b405", size = 4758906, upload-time = "2026-04-18T04:35:08.098Z" },
    { url = "https://files.pythonhosted.org/packages/be/f1/ef4b691da85c916cb2feb1eec7414f678162798ac85e042fa164419ac05c/lxml-6.1.0-cp314-cp314t-musllinux_1_2_ppc64le.whl", hash = "sha256:be10838781cb3be19251e276910cd508fe127e27c3242e50521521a0f3781690", size = 5620553, upload-time = "2026-04-18T04:35:11.23Z" },
    { url = "https://files.pythonhosted.org/packages/59/17/94e81def74107809755ac2782fdad4404420f1c92ca83433d117a6d5acf0/lxml-6.1.0-cp314-cp314t-musllinux_1_2_riscv64.whl", hash = "sha256:2173a7bffe97667bbf0767f8a99e587740a8c56fdf3befac4b09cb29a80276fd", size = 5229458, upload-time = "2026-04-18T04:35:14.254Z" },
    { url = "https://files.pythonhosted.org/packages/21/55/c4be91b0f830a871fc1b0d730943d56013b683d4671d5198260e2eae722b/lxml-6.1.0-cp314-cp314t-musllinux_1_2_x86_64.whl", hash = "sha256:c6854e9cf99c84beb004eecd7d3a3868ef1109bf2b1df92d7bc11e96a36c2180", size = 5247861, upload-time = "2026-04-18T04:35:17.006Z" },
    { url = "https://files.pythonhosted.org/packages/c2/ca/77123e4d77df3cb1e968ade7b1f808f5d3a5c1c96b18a33895397de292c1/lxml-6.1.0-cp314-cp314t-win32.whl", hash = "sha256:00750d63ef0031a05331b9223463b1c7c02b9004cef2346a5b2877f0f9494dd2", size = 3897377, upload-time = "2026-04-18T04:32:07.656Z" },
    { url = "https://files.pythonhosted.org/packages/64/ce/3554833989d074267c063209bae8b09815e5656456a2d332b947806b05ff/lxml-6.1.0-cp314-cp314t-win_amd64.whl", hash = "sha256:80410c3a7e3c617af04de17caa9f9f20adaa817093293d69eae7d7d0522836f5", size = 4392701, upload-time = "2026-04-18T04:32:12.113Z" },
    { url = "https://files.pythonhosted.org/packages/2b/a0/9b916c68c0e57752c07f8f64b30138d9d4059dbeb27b90274dedbea128ff/lxml-6.1.0-cp314-cp314t-win_arm64.whl", hash = "sha256:26dd9f57ee3bd41e7d35b4c98a2ffd89ed11591649f421f0ec19f67d50ec67ac", size = 3817120, upload-time = "2026-04-18T04:32:15.803Z" },
]

[[package]]
name = "pillow"
version = "12.3.0"
source = { registry = "https://pypi.org/simple" }
sdist = { url = "https://files.pythonhosted.org/packages/1c/3d/bb7fca845737cf9d7dbde16ed1843984665ff2e0a518f5db43e77ec540b9/pillow-12.3.0.tar.gz", hash = "sha256:3b8182a766685eaa002637e28b4ec8d6b18819a0c71f579bf0dbaa5830297cce", size = 47025035, upload-time = "2026-07-01T11:56:38.965Z" }
wheels = [
    { url = "https://files.pythonhosted.org/packages/dc/01/001f65b68192f0228cc1dbbc8d2530ab5d58b61037ba0587f946fea607cd/pillow-12.3.0-cp314-cp314-ios_13_0_arm64_iphoneos.whl", hash = "sha256:9cf95fe4d0f84c82d282745d9bb08ad9f926efa00be4697e767b814ce40d4330", size = 4161736, upload-time = "2026-07-01T11:54:51.156Z" },
    { url = "https://files.pythonhosted.org/packages/1a/d2/0219746d0fd16fc8a84498e79452375be3797d3ce4044596ce565164b84f/pillow-12.3.0-cp314-cp314-ios_13_0_arm64_iphonesimulator.whl", hash = "sha256:8728f216dcdb6e6d555cf971cb34076139ad74b31fc2c14da4fafc741c5f6217", size = 4255435, upload-time = "2026-07-01T11:54:53.414Z" },
    { url = "https://files.pythonhosted.org/packages/c8/02/8d0bc62ef0302318c46ff2a512822d2610e81c7aa46c9b3abe6cbaca5ad0/pillow-12.3.0-cp314-cp314-ios_13_0_x86_64_iphonesimulator.whl", hash = "sha256:a45650e8ce7fafffd731db8550230db6b0d306d181a90b67d3e6bca2f1990930", size = 3696262, upload-time = "2026-07-01T11:54:55.739Z" },
    { url = "https://files.pythonhosted.org/packages/85/e2/73c77d218410b14f5f2d565e8a998d5317b7b9c75368d29985139f7a46f0/pillow-12.3.0-cp314-cp314-macosx_10_15_x86_64.whl", hash = "sha256:ba54cfebe86920a559a7c4d6b9050791c20513650a1952ebe3368c7dc70306f8", size = 5350344, upload-time = "2026-07-01T11:54:57.657Z" },
    { url = "https://files.pythonhosted.org/packages/c7/da/32c752228ae345f489e3a42499d817b6c3996da7e8a3bc7a04fc806b243b/pillow-12.3.0-cp314-cp314-macosx_11_0_arm64.whl", hash = "sha256:e158cb00350dc278f3b91551101aa7d12415a66ebf2c91d8d5ac14e56ddd3ad0", size = 4780131, upload-time = "2026-07-01T11:54:59.713Z" },
    { url = "https://files.pythonhosted.org/packages/b1/9d/8b2c807dbef61a5197c047afe99823787eb66f63daf9fb2432f91d6f0462/pillow-12.3.0-cp314-cp314-manylinux_2_27_aarch64.manylinux_2_28_aarch64.whl", hash = "sha256:e9aeb04d6aef139de265b29683e119b638208f88cf73cdd1658aa07221165321", size = 6263757, upload-time = "2026-07-01T11:55:01.778Z" },
    { url = "https://files.pythonhosted.org/packages/5c/44/c85361f65dbe00eea8576ee467c768d25129989efb76e94f205e9ca9bb46/pillow-12.3.0-cp314-cp314-manylinux_2_27_x86_64.manylinux_2_28_x86_64.whl", hash = "sha256:251bf95b67017e27b13d82f5b326234ca62d70f9cf4c2b9032de2358a3b12c7b", size = 6936962, upload-time = "2026-07-01T11:55:03.93Z" },
    { url = "https://files.pythonhosted.org/packages/18/7e/e483414b35800b86b6f08dbbc7803fb5cd52c4d6f897f47d53ea2c7e6f65/pillow-12.3.0-cp314-cp314-musllinux_1_2_aarch64.whl", hash = "sha256:fe3cca2e4e8a592be0f269a1ca4835c25199d9f3ce815c8491048f785b0a0198", size = 6339171, upload-time = "2026-07-01T11:55:05.989Z" },
    { url = "https://files.pythonhosted.org/packages/f0/f4/68c491844841ede6bed70189546b3ee9731cf9f2cbad396faff5e1ccba45/pillow-12.3.0-cp314-cp314-musllinux_1_2_x86_64.whl", hash = "sha256:23aceaa007d6172b02c277f0cd359c79492bbb14f7072b4ede9fbcaf20648130", size = 7048116, upload-time = "2026-07-01T11:55:08.131Z" },
    { url = "https://files.pythonhosted.org/packages/a3/34/77f3f793fed8efc7d243f21b33c5a3f0d1c97ee70346d3db855587e155ff/pillow-12.3.0-cp314-cp314-win32.whl", hash = "sha256:af8d94b0db561cf68b88a267c5c44b49e134f525d0dc2cb7ed413a66bc23559a", size = 6467209, upload-time = "2026-07-01T11:55:10.408Z" },
    { url = "https://files.pythonhosted.org/packages/f1/e0/492879f69d94f91f60fc8cd05ba03650e9520afebb2fb7aa12777d7c7f38/pillow-12.3.0-cp314-cp314-win_amd64.whl", hash = "sha256:fdafc9cce40277e0f7a0feabce0ee50dd2fa1800f3b38015e51296b5e814048d", size = 7237707, upload-time = "2026-07-01T11:55:12.745Z" },
    { url = "https://files.pythonhosted.org/packages/c9/ac/6b11f2875f1c2ac040d84e1bbf9cf22a88038f901ca1037898b280b38365/pillow-12.3.0-cp314-cp314-win_arm64.whl", hash = "sha256:e91206ee562682b51b98ef4b26a6ef48fd84e15fd4c4bc5ec768eb641d206838", size = 2565995, upload-time = "2026-07-01T11:55:14.736Z" },
    { url = "https://files.pythonhosted.org/packages/52/69/c2208e56af9bfc1913afb24020297a691eb1d4ef688474c8a04913f65e04/pillow-12.3.0-cp314-cp314t-macosx_10_15_x86_64.whl", hash = "sha256:164b31cd1a0490ab6efae01aa5df49da7061be0af1b30e035b6e9a1bfe34ee6e", size = 5352503, upload-time = "2026-07-01T11:55:17.076Z" },
    { url = "https://files.pythonhosted.org/packages/07/70/e5686d753e898a45d778ff1718dba8516ead6ab6b95d85fc8c4b70650cf2/pillow-12.3.0-cp314-cp314t-macosx_11_0_arm64.whl", hash = "sha256:5afb51d599ea772b8365ae807ae557f18bccfe46ab261fd1c2a9ed700fc6eb17", size = 4782956, upload-time = "2026-07-01T11:55:19.448Z" },
    { url = "https://files.pythonhosted.org/packages/d5/37/25c6692f06927ee973ff18c8d9ee98ad0b4d84ee67a09610c2dd1447958e/pillow-12.3.0-cp314-cp314t-manylinux_2_27_aarch64.manylinux_2_28_aarch64.whl", hash = "sha256:3edce1d53195db527e0191f84b71d02022de0540bf43a16ed734ed7537b07385", size = 6322855, upload-time = "2026-07-01T11:55:21.613Z" },
    { url = "https://files.pythonhosted.org/packages/cc/91/420637fcb8f1bc11029e403b4538e6694744428d8246118e45719f944556/pillow-12.3.0-cp314-cp314t-manylinux_2_27_x86_64.manylinux_2_28_x86_64.whl", hash = "sha256:bf16ba1b4d0b6b7c8e534936632270cf70eb00dbe09005bc345b2677b726855c", size = 6989642, upload-time = "2026-07-01T11:55:24.006Z" },
    { url = "https://files.pythonhosted.org/packages/10/08/b94d7811281ccf0d143a1cf768d1c49e1e54af63e7b708ab2ee3eb87face/pillow-12.3.0-cp314-cp314t-musllinux_1_2_aarch64.whl", hash = "sha256:24870b09b224f7ae3c39ed07d10e819d06f8720bc551847b1d623832b5b0e28d", size = 6391281, upload-time = "2026-07-01T11:55:26.252Z" },
    { url = "https://files.pythonhosted.org/packages/d2/87/24233f785f55474dc02ce3e739c5528a77e3a862e9333d1dd7a25cc31f70/pillow-12.3.0-cp314-cp314t-musllinux_1_2_x86_64.whl", hash = "sha256:30f2aa603c41533cc25c05acd0da21636e84a315768feb631c937177db558931", size = 7096716, upload-time = "2026-07-01T11:55:28.318Z" },
    { url = "https://files.pythonhosted.org/packages/23/26/fcb2f6e37175b04f53570b59937867e2b80ee1685e744023153028fc14f9/pillow-12.3.0-cp314-cp314t-win32.whl", hash = "sha256:4b0a7fe987b14c31ebda6083f74f22b561fd3739bc0ac51e019622e3d72668c7", size = 6474125, upload-time = "2026-07-01T11:55:30.956Z" },
    { url = "https://files.pythonhosted.org/packages/90/de/3634abee5f1c9e13c56787b7d5517b0ba8d6de51700b95578cf338349c9f/pillow-12.3.0-cp314-cp314t-win_amd64.whl", hash = "sha256:962864dc93511324d51ddbb5b9f8731bf71675b93ca612a07441896f4688fb8c", size = 7242939, upload-time = "2026-07-01T11:55:34.044Z" },
    { url = "https://files.pythonhosted.org/packages/ce/2a/fd13f8eb24de5714a6eb444a3d67e2842c6c576e159a43793adf23051351/pillow-12.3.0-cp314-cp314t-win_arm64.whl", hash = "sha256:0740a512dc522224c77d9aa5a8d70d8b7d73fb91f2c21125d8d025d3b8990e45", size = 2567506, upload-time = "2026-07-01T11:55:35.988Z" },
    { url = "https://files.pythonhosted.org/packages/5d/dc/8fdce34ec725a33c81c6ba122b904d6b9024e50ea9ac7bede62fab54506c/pillow-12.3.0-cp315-cp315-ios_13_0_arm64_iphoneos.whl", hash = "sha256:0feb2e9d6ad6c9e3c06effe9d00f3f1e618a6643273576b016f591e9315a7139", size = 4162063, upload-time = "2026-07-01T11:55:37.941Z" },
    { url = "https://files.pythonhosted.org/packages/76/66/2044b9a63d3b84ff048228dfcb7cd9bf0df983e8470971bf7d4c57b693de/pillow-12.3.0-cp315-cp315-ios_13_0_arm64_iphonesimulator.whl", hash = "sha256:9e881fca225083806662a5c43d627d215f258ff43c890f831966c7d7ba9c7402", size = 4255549, upload-time = "2026-07-01T11:55:40.022Z" },
    { url = "https://files.pythonhosted.org/packages/52/7e/1f67e6f4ece6b582ee4b539decbcc9f848dc245a93ed8cd7338bafef72f1/pillow-12.3.0-cp315-cp315-ios_13_0_x86_64_iphonesimulator.whl", hash = "sha256:4998562bf62a445225f22e07c896bb04b35b1b1f2eb6d760584c9c51d7a5f78c", size = 3696331, upload-time = "2026-07-01T11:55:41.98Z" },
    { url = "https://files.pythonhosted.org/packages/12/40/d306fc2c8e4d45d7f175c77edca7063be7b86fe7fe6e68f4353bf71d808c/pillow-12.3.0-cp315-cp315-macosx_10_15_x86_64.whl", hash = "sha256:dc624f6bc473dacdf7ef7eb8678d0d08edf15cd94fad6ae5c7d6cc67a4e4902f", size = 5350370, upload-time = "2026-07-01T11:55:44.028Z" },
    { url = "https://files.pythonhosted.org/packages/dd/44/668fb1437e8ce420f62d6106eb66e44a5971602a4d794615bdf79315d82d/pillow-12.3.0-cp315-cp315-macosx_11_0_arm64.whl", hash = "sha256:71d6097b330eea8fd15097780c8e89cb1a8ce7838669f48c5bacd6f663dd4701", size = 4780147, upload-time = "2026-07-01T11:55:46.073Z" },
    { url = "https://files.pythonhosted.org/packages/0c/08/93fa2e70e30a2d81547e481b6ee2bb9522117221fb1e0ce4b5df70967677/pillow-12.3.0-cp315-cp315-manylinux_2_27_aarch64.manylinux_2_28_aarch64.whl", hash = "sha256:28ce87c5ab450a9dd970b52e5aca5fe63ed432d18a2eaddd1979a00a1ba24ace", size = 6273659, upload-time = "2026-07-01T11:55:48.264Z" },
    { url = "https://files.pythonhosted.org/packages/f8/6d/043e96ff814fc31a33077e4cba86082167db520c93632afdf2042febbb0c/pillow-12.3.0-cp315-cp315-manylinux_2_27_x86_64.manylinux_2_28_x86_64.whl", hash = "sha256:6b02afb9b97f65fbca5f31db6a2a3ba21aa93030225f150fa3f249717e938fb4", size = 6947439, upload-time = "2026-07-01T11:55:50.503Z" },
    { url = "https://files.pythonhosted.org/packages/af/92/ba71d2ee2ac0edf3fa33bd9d5ee9ee080da70b1766f3ca3934f9938ddac9/pillow-12.3.0-cp315-cp315-musllinux_1_2_aarch64.whl", hash = "sha256:1182d52bc2d5e5d7d0949503aa7e36d12f42205dc287e4883f407b1988820d39", size = 6353577, upload-time = "2026-07-01T11:55:52.697Z" },
    { url = "https://files.pythonhosted.org/packages/0f/ce/e63064e2122923ff687c8ad792d0d736a7b3920a56a46982e81a7fdd25d6/pillow-12.3.0-cp315-cp315-musllinux_1_2_x86_64.whl", hash = "sha256:e795b7eb908249c4e43c7c99fac7c2c75dab0c43566e37db472a355f63693d71", size = 7060394, upload-time = "2026-07-01T11:55:55.149Z" },
    { url = "https://files.pythonhosted.org/packages/54/76/a09cc3ccc8d773a7283d34c38bec1708f9e3cc932093cbc4c5e71ac4060b/pillow-12.3.0-cp315-cp315-win32.whl", hash = "sha256:57b3d78c95ba9059768b10e28b813002261d3f3dfc55cc48b0c988f625175827", size = 6467375, upload-time = "2026-07-01T11:55:57.769Z" },
    { url = "https://files.pythonhosted.org/packages/3e/03/1846c49ba3b1d5550392a4bbd06d6fb4578e1cd91a803198b5c90f5f7d53/pillow-12.3.0-cp315-cp315-win_amd64.whl", hash = "sha256:fa4ecea169a355be7a3ade2c783e2ed12f0e40d2c5621cda8b3297faf7fbb9f5", size = 7237048, upload-time = "2026-07-01T11:55:59.975Z" },
    { url = "https://files.pythonhosted.org/packages/fb/bb/89f35dcc79610423f9f195504d7def7f0d1416a711541b42867e25fe3412/pillow-12.3.0-cp315-cp315-win_arm64.whl", hash = "sha256:877c3f311ff35410f690861c4409e7ccbf0cd2f878e50628a28e5a0bb689e658", size = 2566006, upload-time = "2026-07-01T11:56:02.143Z" },
    { url = "https://files.pythonhosted.org/packages/30/88/707027ba09942dfa2c28759b5c222d769290a41c6d20ea60ec250801941f/pillow-12.3.0-cp315-cp315t-macosx_10_15_x86_64.whl", hash = "sha256:e9871b1ffbfa9656b60aeee92ed5136a5742696006fa322b29ea3d8da0ecc9cf", size = 5352509, upload-time = "2026-07-01T11:56:04.2Z" },
    { url = "https://files.pythonhosted.org/packages/b0/6d/00352fa25332c2569cd387851f568cc5a4b75a9adbfb37ac4fbce4c02eec/pillow-12.3.0-cp315-cp315t-macosx_11_0_arm64.whl", hash = "sha256:53aa02d20d10c3d814d536aa4e5ac9b84ca0ff5a88377963b085ad6822f93e64", size = 4783167, upload-time = "2026-07-01T11:56:06.631Z" },
    { url = "https://files.pythonhosted.org/packages/13/4f/9e049dfa21af7c22427275720e2490267ba8138120add5c4c574deb69782/pillow-12.3.0-cp315-cp315t-manylinux_2_27_aarch64.manylinux_2_28_aarch64.whl", hash = "sha256:446c34dcc4324b084a53b705127dc15717b22c5e140ae0a3c38349d4efec071e", size = 6329237, upload-time = "2026-07-01T11:56:08.868Z" },
    { url = "https://files.pythonhosted.org/packages/36/16/cf6eeaae8d0fce8dd390a33437cf68c5d5bd73834a2bc6e2f14efda0ab45/pillow-12.3.0-cp315-cp315t-manylinux_2_27_x86_64.manylinux_2_28_x86_64.whl", hash = "sha256:cf1845d02ad822a369a49f2bb9345b1614744267682e7a03527dc3bf6eea1777", size = 6997047, upload-time = "2026-07-01T11:56:11.379Z" },
    { url = "https://files.pythonhosted.org/packages/1e/69/dbf769bdd55f48bf5733cac28edc6364ffaa072ec9ba336266e4fe66be55/pillow-12.3.0-cp315-cp315t-musllinux_1_2_aarch64.whl", hash = "sha256:186941b6aef820ad110fb01fb06eb925374dc3a21b17e37ec9a53b250c6fe2d1", size = 6400440, upload-time = "2026-07-01T11:56:13.908Z" },
    { url = "https://files.pythonhosted.org/packages/a0/e1/ffc9cfc2eea0d178da8018e18e959301ad9d6bc9f3edb7181e748a474b97/pillow-12.3.0-cp315-cp315t-musllinux_1_2_x86_64.whl", hash = "sha256:f13c32a3abd6079a66d9526e18dad9b6d280384d49d7c54040cd57b6424041d9", size = 7105895, upload-time = "2026-07-01T11:56:16.575Z" },
    { url = "https://files.pythonhosted.org/packages/18/f0/a5595c1e8c3ae44b9828cb2f0fa8155e5095ef04d6327b8f61cf44a3df85/pillow-12.3.0-cp315-cp315t-win32.whl", hash = "sha256:1657923d2d45afb66526e5b933e5b3052e6bdea196c90d3abb2424e18c77dae8", size = 6474384, upload-time = "2026-07-01T11:56:18.855Z" },
    { url = "https://files.pythonhosted.org/packages/e4/04/62bcd9f844984c5938d3b05264a61d797a29d3e0812341a8204af70bbdee/pillow-12.3.0-cp315-cp315t-win_amd64.whl", hash = "sha256:8cd2f7bdda092d99c9fc2fb7391354f306d01443d22785d0cbfafa2e2c8bb418", size = 7243537, upload-time = "2026-07-01T11:56:21.214Z" },
    { url = "https://files.pythonhosted.org/packages/3d/68/1f3066acedf37673694a7141381d8f811ae97f30d34413d236abe7d489f1/pillow-12.3.0-cp315-cp315t-win_arm64.whl", hash = "sha256:06ff022112bc9cbf83b60f8e028d94ad87b60621706487e65f673de61610ab59", size = 2567491, upload-time = "2026-07-01T11:56:23.506Z" },
]

[[package]]
name = "python-magic"
version = "0.4.27"
source = { registry = "https://pypi.org/simple" }
sdist = { url = "https://files.pythonhosted.org/packages/da/db/0b3e28ac047452d079d375ec6798bf76a036a08182dbb39ed38116a49130/python-magic-0.4.27.tar.gz", hash = "sha256:c1ba14b08e4a5f5c31a302b7721239695b2f0f058d125bd5ce1ee36b9d9d3c3b", size = 14677, upload-time = "2022-06-07T20:16:59.508Z" }
wheels = [
    { url = "https://files.pythonhosted.org/packages/6c/73/9f872cb81fc5c3bb48f7227872c28975f998f3e7c2b1c16e95e6432bbb90/python_magic-0.4.27-py2.py3-none-any.whl", hash = "sha256:c212960ad306f700aa0d01e5d7a325d20548ff97eb9920dcd29513174f0294d3", size = 13840, upload-time = "2022-06-07T20:16:57.763Z" },
]

[[package]]
name = "validator"
version = "0.1.0"
source = { virtual = "." }
dependencies = [
    { name = "iiif-validator" },
]

[package.metadata]
requires-dist = [{ name = "iiif-validator", specifier = ">=1.0.5" }]
